[[package]]
name = "aenum"
version = "3.1.0"
description = "Advanced Enumerations (compatible with Python's stdlib Enum), NamedTuples, and NamedConstants"
category = "main"
optional = false
python-versions = "*"

[package.source]
type = "legacy"
url = "https://pypi.org/simple"
reference = "pypi_source"

[[package]]
name = "attrs"
version = "21.2.0"
description = "Classes Without Boilerplate"
category = "main"
optional = false
python-versions = ">=2.7, !=3.0.*, !=3.1.*, !=3.2.*, !=3.3.*, !=3.4.*"

[package.extras]
dev = ["coverage[toml] (>=5.0.2)", "hypothesis", "pympler", "pytest (>=4.3.0)", "six", "mypy", "pytest-mypy-plugins", "zope.interface", "furo", "sphinx", "sphinx-notfound-page", "pre-commit"]
docs = ["furo", "sphinx", "zope.interface", "sphinx-notfound-page"]
tests = ["coverage[toml] (>=5.0.2)", "hypothesis", "pympler", "pytest (>=4.3.0)", "six", "mypy", "pytest-mypy-plugins", "zope.interface"]
tests_no_zope = ["coverage[toml] (>=5.0.2)", "hypothesis", "pympler", "pytest (>=4.3.0)", "six", "mypy", "pytest-mypy-plugins"]

[package.source]
type = "legacy"
url = "https://pypi.org/simple"
reference = "pypi_source"

[[package]]
name = "beautifulsoup4"
version = "4.10.0"
description = "Screen-scraping library"
category = "main"
optional = false
python-versions = ">3.0.0"

[package.dependencies]
soupsieve = ">1.2"

[package.extras]
html5lib = ["html5lib"]
lxml = ["lxml"]

[package.source]
type = "legacy"
url = "https://pypi.org/simple"
reference = "pypi_source"

[[package]]
name = "cachetools"
version = "4.2.4"
description = "Extensible memoizing collections and decorators"
category = "main"
optional = false
python-versions = "~=3.5"

[package.source]
type = "legacy"
url = "https://pypi.org/simple"
reference = "pypi_source"

[[package]]
name = "certifi"
version = "2021.10.8"
description = "Python package for providing Mozilla's CA Bundle."
category = "main"
optional = false
python-versions = "*"

[package.source]
type = "legacy"
url = "https://pypi.org/simple"
reference = "pypi_source"

[[package]]
name = "charset-normalizer"
version = "2.0.7"
description = "The Real First Universal Charset Detector. Open, modern and actively maintained alternative to Chardet."
category = "main"
optional = false
python-versions = ">=3.5.0"

[package.extras]
unicode_backport = ["unicodedata2"]

[package.source]
type = "legacy"
url = "https://pypi.org/simple"
reference = "pypi_source"

[[package]]
name = "dotenv"
version = "0.0.5"
description = "Handle .env files"
category = "main"
optional = false
python-versions = "*"

[package.source]
type = "legacy"
url = "https://pypi.org/simple"
reference = "pypi_source"

[[package]]
name = "google-api-core"
version = "2.2.1"
description = "Google API client core library"
category = "main"
optional = false
python-versions = ">=3.6"

[package.dependencies]
google-auth = ">=1.25.0,<3.0dev"
googleapis-common-protos = ">=1.52.0,<2.0dev"
protobuf = ">=3.12.0"
requests = ">=2.18.0,<3.0.0dev"

[package.extras]
grpc = ["grpcio (>=1.33.2,<2.0dev)", "grpcio-status (>=1.33.2,<2.0dev)"]
grpcgcp = ["grpcio-gcp (>=0.2.2)"]
grpcio-gcp = ["grpcio-gcp (>=0.2.2)"]

[package.source]
type = "legacy"
url = "https://pypi.org/simple"
reference = "pypi_source"

[[package]]
name = "google-api-python-client"
version = "2.28.0"
description = "Google API Client Library for Python"
category = "main"
optional = false
python-versions = ">=3.6"

[package.dependencies]
google-api-core = ">=1.21.0,<3.0.0dev"
google-auth = ">=1.16.0,<3.0.0dev"
google-auth-httplib2 = ">=0.1.0"
httplib2 = ">=0.15.0,<1dev"
uritemplate = ">=3.0.0,<5"

[package.source]
type = "legacy"
url = "https://pypi.org/simple"
reference = "pypi_source"

[[package]]
name = "google-auth"
version = "2.3.2"
description = "Google Authentication Library"
category = "main"
optional = false
python-versions = ">=2.7,!=3.0.*,!=3.1.*,!=3.2.*,!=3.3.*,!=3.4.*,!=3.5.*"

[package.dependencies]
cachetools = ">=2.0.0,<5.0"
pyasn1-modules = ">=0.2.1"
rsa = {version = ">=3.1.4,<5", markers = "python_version >= \"3.6\""}
six = ">=1.9.0"

[package.extras]
aiohttp = ["requests (>=2.20.0,<3.0.0dev)", "aiohttp (>=3.6.2,<4.0.0dev)"]
pyopenssl = ["pyopenssl (>=20.0.0)"]
reauth = ["pyu2f (>=0.1.5)"]

[package.source]
type = "legacy"
url = "https://pypi.org/simple"
reference = "pypi_source"

[[package]]
name = "google-auth-httplib2"
version = "0.1.0"
description = "Google Authentication Library: httplib2 transport"
category = "main"
optional = false
python-versions = "*"

[package.dependencies]
google-auth = "*"
httplib2 = ">=0.15.0"
six = "*"

[package.source]
type = "legacy"
url = "https://pypi.org/simple"
reference = "pypi_source"

[[package]]
name = "google-auth-oauthlib"
version = "0.4.6"
description = "Google Authentication Library"
category = "main"
optional = false
python-versions = ">=3.6"

[package.dependencies]
google-auth = ">=1.0.0"
requests-oauthlib = ">=0.7.0"

[package.extras]
tool = ["click (>=6.0.0)"]

[package.source]
type = "legacy"
url = "https://pypi.org/simple"
reference = "pypi_source"

[[package]]
name = "googleapis-common-protos"
version = "1.53.0"
description = "Common protobufs used in Google APIs"
category = "main"
optional = false
python-versions = ">=3.6"

[package.dependencies]
protobuf = ">=3.12.0"

[package.extras]
grpc = ["grpcio (>=1.0.0)"]

[package.source]
type = "legacy"
url = "https://pypi.org/simple"
reference = "pypi_source"

[[package]]
name = "html2text"
version = "2020.1.16"
description = "Turn HTML into equivalent Markdown-structured text."
category = "main"
optional = false
python-versions = ">=3.5"

[package.source]
type = "legacy"
url = "https://pypi.org/simple"
reference = "pypi_source"

[[package]]
name = "httplib2"
version = "0.20.1"
description = "A comprehensive HTTP client library."
category = "main"
optional = false
python-versions = ">=2.7, !=3.0.*, !=3.1.*, !=3.2.*, !=3.3.*"

[package.dependencies]
pyparsing = ">=2.4.2,<3"

[package.source]
type = "legacy"
url = "https://pypi.org/simple"
reference = "pypi_source"

[[package]]
name = "idna"
version = "3.3"
description = "Internationalized Domain Names in Applications (IDNA)"
category = "main"
optional = false
python-versions = ">=3.5"

[package.source]
type = "legacy"
url = "https://pypi.org/simple"
reference = "pypi_source"

[[package]]
name = "lxml"
version = "4.6.3"
description = "Powerful and Pythonic XML processing library combining libxml2/libxslt with the ElementTree API."
category = "main"
optional = false
python-versions = ">=2.7, !=3.0.*, !=3.1.*, !=3.2.*, !=3.3.*, != 3.4.*"

[package.extras]
cssselect = ["cssselect (>=0.7)"]
html5 = ["html5lib"]
htmlsoup = ["beautifulsoup4"]
source = ["Cython (>=0.29.7)"]

[package.source]
type = "legacy"
url = "https://pypi.org/simple"
reference = "pypi_source"

[[package]]
name = "oauthlib"
version = "3.1.1"
description = "A generic, spec-compliant, thorough implementation of the OAuth request-signing logic"
category = "main"
optional = false
python-versions = ">=3.6"

[package.extras]
rsa = ["cryptography (>=3.0.0,<4)"]
signals = ["blinker (>=1.4.0)"]
signedtoken = ["cryptography (>=3.0.0,<4)", "pyjwt (>=2.0.0,<3)"]

[package.source]
type = "legacy"
url = "https://pypi.org/simple"
reference = "pypi_source"

[[package]]
name = "paho-mqtt"
version = "1.6.1"
description = "MQTT version 5.0/3.1.1 client class"
category = "main"
optional = false
python-versions = "*"

[package.extras]
proxy = ["pysocks"]

[package.source]
type = "legacy"
url = "https://pypi.org/simple"
reference = "pypi_source"

[[package]]
name = "protobuf"
version = "3.19.1"
description = "Protocol Buffers"
category = "main"
optional = false
python-versions = ">=3.5"

[package.source]
type = "legacy"
url = "https://pypi.org/simple"
reference = "pypi_source"

[[package]]
name = "pyasn1"
version = "0.4.8"
description = "ASN.1 types and codecs"
category = "main"
optional = false
python-versions = "*"

[package.source]
type = "legacy"
url = "https://pypi.org/simple"
reference = "pypi_source"

[[package]]
name = "pyasn1-modules"
version = "0.2.8"
description = "A collection of ASN.1-based protocols modules."
category = "main"
optional = false
python-versions = "*"

[package.dependencies]
pyasn1 = ">=0.4.6,<0.5.0"

[package.source]
type = "legacy"
url = "https://pypi.org/simple"
reference = "pypi_source"

[[package]]
name = "pyparsing"
version = "2.4.7"
description = "Python parsing module"
category = "main"
optional = false
python-versions = ">=2.6, !=3.0.*, !=3.1.*, !=3.2.*"

[package.source]
type = "legacy"
url = "https://pypi.org/simple"
reference = "pypi_source"

[[package]]
name = "python-dotenv"
version = "0.19.1"
description = "Read key-value pairs from a .env file and set them as environment variables"
category = "main"
optional = false
python-versions = ">=3.5"

[package.extras]
cli = ["click (>=5.0)"]

[package.source]
type = "legacy"
url = "https://pypi.org/simple"
reference = "pypi_source"

[[package]]
name = "requests"
version = "2.26.0"
description = "Python HTTP for Humans."
category = "main"
optional = false
python-versions = ">=2.7, !=3.0.*, !=3.1.*, !=3.2.*, !=3.3.*, !=3.4.*, !=3.5.*"

[package.dependencies]
certifi = ">=2017.4.17"
charset-normalizer = {version = ">=2.0.0,<2.1.0", markers = "python_version >= \"3\""}
idna = {version = ">=2.5,<4", markers = "python_version >= \"3\""}
urllib3 = ">=1.21.1,<1.27"

[package.extras]
socks = ["PySocks (>=1.5.6,!=1.5.7)", "win-inet-pton"]
use_chardet_on_py3 = ["chardet (>=3.0.2,<5)"]

[package.source]
type = "legacy"
url = "https://pypi.org/simple"
reference = "pypi_source"

[[package]]
name = "requests-oauthlib"
version = "1.3.0"
description = "OAuthlib authentication support for Requests."
category = "main"
optional = false
python-versions = ">=2.7, !=3.0.*, !=3.1.*, !=3.2.*, !=3.3.*"

[package.dependencies]
oauthlib = ">=3.0.0"
requests = ">=2.0.0"

[package.extras]
rsa = ["oauthlib[signedtoken] (>=3.0.0)"]

[package.source]
type = "legacy"
url = "https://pypi.org/simple"
reference = "pypi_source"

[[package]]
name = "rsa"
version = "4.7.2"
description = "Pure-Python RSA implementation"
category = "main"
optional = false
python-versions = ">=3.5, <4"

[package.dependencies]
pyasn1 = ">=0.1.3"

[package.source]
type = "legacy"
url = "https://pypi.org/simple"
reference = "pypi_source"

[[package]]
name = "six"
version = "1.16.0"
description = "Python 2 and 3 compatibility utilities"
category = "main"
optional = false
python-versions = ">=2.7, !=3.0.*, !=3.1.*, !=3.2.*"

[package.source]
type = "legacy"
url = "https://pypi.org/simple"
reference = "pypi_source"

[[package]]
name = "soupsieve"
version = "2.2.1"
description = "A modern CSS selector implementation for Beautiful Soup."
category = "main"
optional = false
python-versions = ">=3.6"

[package.source]
type = "legacy"
url = "https://pypi.org/simple"
reference = "pypi_source"

[[package]]
name = "uritemplate"
version = "4.1.1"
description = "Implementation of RFC 6570 URI Templates"
category = "main"
optional = false
python-versions = ">=3.6"

[package.source]
type = "legacy"
url = "https://pypi.org/simple"
reference = "pypi_source"

[[package]]
name = "urllib3"
version = "1.26.7"
description = "HTTP library with thread-safe connection pooling, file post, and more."
category = "main"
optional = false
python-versions = ">=2.7, !=3.0.*, !=3.1.*, !=3.2.*, !=3.3.*, !=3.4.*, <4"

[package.extras]
brotli = ["brotlipy (>=0.6.0)"]
secure = ["pyOpenSSL (>=0.14)", "cryptography (>=1.3.4)", "idna (>=2.0.0)", "certifi", "ipaddress"]
socks = ["PySocks (>=1.5.6,!=1.5.7,<2.0)"]

[package.source]
type = "legacy"
url = "https://pypi.org/simple"
reference = "pypi_source"

[metadata]
lock-version = "1.1"
python-versions = "^3.7"
content-hash = "b1570a880bfb2165212431127066424959ead859f669dfe12e8f5be7d48d0523"

[metadata.files]
aenum = [
    {file = "aenum-3.1.0-py2-none-any.whl", hash = "sha256:1f92fb906e3d745064e85f9a1937006ee341e00a35ecd8b7f899041b8e1d67d7"},
    {file = "aenum-3.1.0-py3-none-any.whl", hash = "sha256:f8401f1a258436719ed013444ab37ff22a72517e0e3097058dd1511cf284447c"},
    {file = "aenum-3.1.0.tar.gz", hash = "sha256:87f0e9ef4f828578ab06af30e4d7944043bf4ecd3f4b7bd1cbe37e2173cde94a"},
]
attrs = [
    {file = "attrs-21.2.0-py2.py3-none-any.whl", hash = "sha256:149e90d6d8ac20db7a955ad60cf0e6881a3f20d37096140088356da6c716b0b1"},
    {file = "attrs-21.2.0.tar.gz", hash = "sha256:ef6aaac3ca6cd92904cdd0d83f629a15f18053ec84e6432106f7a4d04ae4f5fb"},
]
beautifulsoup4 = [
    {file = "beautifulsoup4-4.10.0-py3-none-any.whl", hash = "sha256:9a315ce70049920ea4572a4055bc4bd700c940521d36fc858205ad4fcde149bf"},
    {file = "beautifulsoup4-4.10.0.tar.gz", hash = "sha256:c23ad23c521d818955a4151a67d81580319d4bf548d3d49f4223ae041ff98891"},
]
cachetools = [
    {file = "cachetools-4.2.4-py3-none-any.whl", hash = "sha256:92971d3cb7d2a97efff7c7bb1657f21a8f5fb309a37530537c71b1774189f2d1"},
    {file = "cachetools-4.2.4.tar.gz", hash = "sha256:89ea6f1b638d5a73a4f9226be57ac5e4f399d22770b92355f92dcb0f7f001693"},
]
certifi = [
    {file = "certifi-2021.10.8-py2.py3-none-any.whl", hash = "sha256:d62a0163eb4c2344ac042ab2bdf75399a71a2d8c7d47eac2e2ee91b9d6339569"},
    {file = "certifi-2021.10.8.tar.gz", hash = "sha256:78884e7c1d4b00ce3cea67b44566851c4343c120abd683433ce934a68ea58872"},
]
charset-normalizer = [
    {file = "charset-normalizer-2.0.7.tar.gz", hash = "sha256:e019de665e2bcf9c2b64e2e5aa025fa991da8720daa3c1138cadd2fd1856aed0"},
    {file = "charset_normalizer-2.0.7-py3-none-any.whl", hash = "sha256:f7af805c321bfa1ce6714c51f254e0d5bb5e5834039bc17db7ebe3a4cec9492b"},
]
dotenv = [
    {file = "dotenv-0.0.5.tar.gz", hash = "sha256:b58d2ab3f83dbd4f8a362b21158a606bee87317a9444485566b3c8f0af847091"},
]
google-api-core = [
    {file = "google-api-core-2.2.1.tar.gz", hash = "sha256:31eea0ec01ac0e3905c1dd752afbae487a2092c36f138cdccda644666caf307d"},
    {file = "google_api_core-2.2.1-py2.py3-none-any.whl", hash = "sha256:9147ae2275a4179a2aa7aa5749305282d4ff5b3ec950b7a0ca55a3fe6ff4fe80"},
]
google-api-python-client = [
    {file = "google-api-python-client-2.28.0.tar.gz", hash = "sha256:07e6fdfc489a452d79c5efdc4cc2d5cfd7f7aa207dec82786bfcc436b208e027"},
    {file = "google_api_python_client-2.28.0-py2.py3-none-any.whl", hash = "sha256:953cbdf88051d1eb5343e11697d2211b25350aa0bbaf239685cc906214a5c452"},
]
google-auth = [
    {file = "google-auth-2.3.2.tar.gz", hash = "sha256:2dc5218ee1192f9d67147cece18f47a929a9ef746cb69c50ab5ff5cfc983647b"},
    {file = "google_auth-2.3.2-py2.py3-none-any.whl", hash = "sha256:6e99f4b3b099feb50de20302f2f8987c1c36e80a3f856ce852675bdf7a0935d3"},
]
google-auth-httplib2 = [
    {file = "google-auth-httplib2-0.1.0.tar.gz", hash = "sha256:a07c39fd632becacd3f07718dfd6021bf396978f03ad3ce4321d060015cc30ac"},
    {file = "google_auth_httplib2-0.1.0-py2.py3-none-any.whl", hash = "sha256:31e49c36c6b5643b57e82617cb3e021e3e1d2df9da63af67252c02fa9c1f4a10"},
]
google-auth-oauthlib = [
    {file = "google-auth-oauthlib-0.4.6.tar.gz", hash = "sha256:a90a072f6993f2c327067bf65270046384cda5a8ecb20b94ea9a687f1f233a7a"},
    {file = "google_auth_oauthlib-0.4.6-py2.py3-none-any.whl", hash = "sha256:3f2a6e802eebbb6fb736a370fbf3b055edcb6b52878bf2f26330b5e041316c73"},
]
googleapis-common-protos = [
    {file = "googleapis-common-protos-1.53.0.tar.gz", hash = "sha256:a88ee8903aa0a81f6c3cec2d5cf62d3c8aa67c06439b0496b49048fb1854ebf4"},
    {file = "googleapis_common_protos-1.53.0-py2.py3-none-any.whl", hash = "sha256:f6d561ab8fb16b30020b940e2dd01cd80082f4762fa9f3ee670f4419b4b8dbd0"},
]
html2text = [
    {file = "html2text-2020.1.16-py3-none-any.whl", hash = "sha256:c7c629882da0cf377d66f073329ccf34a12ed2adf0169b9285ae4e63ef54c82b"},
    {file = "html2text-2020.1.16.tar.gz", hash = "sha256:e296318e16b059ddb97f7a8a1d6a5c1d7af4544049a01e261731d2d5cc277bbb"},
]
httplib2 = [
    {file = "httplib2-0.20.1-py3-none-any.whl", hash = "sha256:8fa4dbf2fbf839b71f8c7837a831e00fcdc860feca99b8bda58ceae4bc53d185"},
    {file = "httplib2-0.20.1.tar.gz", hash = "sha256:0efbcb8bfbfbc11578130d87d8afcc65c2274c6eb446e59fc674e4d7c972d327"},
]
idna = [
    {file = "idna-3.3-py3-none-any.whl", hash = "sha256:84d9dd047ffa80596e0f246e2eab0b391788b0503584e8945f2368256d2735ff"},
    {file = "idna-3.3.tar.gz", hash = "sha256:9d643ff0a55b762d5cdb124b8eaa99c66322e2157b69160bc32796e824360e6d"},
]
lxml = [
    {file = "lxml-4.6.3-cp27-cp27m-macosx_10_9_x86_64.whl", hash = "sha256:df7c53783a46febb0e70f6b05df2ba104610f2fb0d27023409734a3ecbb78fb2"},
    {file = "lxml-4.6.3-cp27-cp27m-manylinux1_i686.whl", hash = "sha256:1b7584d421d254ab86d4f0b13ec662a9014397678a7c4265a02a6d7c2b18a75f"},
    {file = "lxml-4.6.3-cp27-cp27m-manylinux1_x86_64.whl", hash = "sha256:079f3ae844f38982d156efce585bc540c16a926d4436712cf4baee0cce487a3d"},
    {file = "lxml-4.6.3-cp27-cp27m-win32.whl", hash = "sha256:bc4313cbeb0e7a416a488d72f9680fffffc645f8a838bd2193809881c67dd106"},
    {file = "lxml-4.6.3-cp27-cp27m-win_amd64.whl", hash = "sha256:8157dadbb09a34a6bd95a50690595e1fa0af1a99445e2744110e3dca7831c4ee"},
    {file = "lxml-4.6.3-cp27-cp27mu-manylinux1_i686.whl", hash = "sha256:7728e05c35412ba36d3e9795ae8995e3c86958179c9770e65558ec3fdfd3724f"},
    {file = "lxml-4.6.3-cp27-cp27mu-manylinux1_x86_64.whl", hash = "sha256:4bff24dfeea62f2e56f5bab929b4428ae6caba2d1eea0c2d6eb618e30a71e6d4"},
    {file = "lxml-4.6.3-cp310-cp310-manylinux_2_12_i686.manylinux2010_i686.manylinux_2_24_i686.whl", hash = "sha256:64812391546a18896adaa86c77c59a4998f33c24788cadc35789e55b727a37f4"},
    {file = "lxml-4.6.3-cp310-cp310-manylinux_2_17_x86_64.manylinux2014_x86_64.manylinux_2_24_x86_64.whl", hash = "sha256:c1a40c06fd5ba37ad39caa0b3144eb3772e813b5fb5b084198a985431c2f1e8d"},
    {file = "lxml-4.6.3-cp35-cp35m-manylinux1_i686.whl", hash = "sha256:74f7d8d439b18fa4c385f3f5dfd11144bb87c1da034a466c5b5577d23a1d9b51"},
    {file = "lxml-4.6.3-cp35-cp35m-manylinux1_x86_64.whl", hash = "sha256:f90ba11136bfdd25cae3951af8da2e95121c9b9b93727b1b896e3fa105b2f586"},
    {file = "lxml-4.6.3-cp35-cp35m-manylinux2010_i686.whl", hash = "sha256:4c61b3a0db43a1607d6264166b230438f85bfed02e8cff20c22e564d0faff354"},
    {file = "lxml-4.6.3-cp35-cp35m-manylinux2014_x86_64.whl", hash = "sha256:5c8c163396cc0df3fd151b927e74f6e4acd67160d6c33304e805b84293351d16"},
    {file = "lxml-4.6.3-cp35-cp35m-win32.whl", hash = "sha256:f2380a6376dfa090227b663f9678150ef27543483055cc327555fb592c5967e2"},
    {file = "lxml-4.6.3-cp35-cp35m-win_amd64.whl", hash = "sha256:c4f05c5a7c49d2fb70223d0d5bcfbe474cf928310ac9fa6a7c6dddc831d0b1d4"},
    {file = "lxml-4.6.3-cp36-cp36m-macosx_10_9_x86_64.whl", hash = "sha256:d2e35d7bf1c1ac8c538f88d26b396e73dd81440d59c1ef8522e1ea77b345ede4"},
    {file = "lxml-4.6.3-cp36-cp36m-manylinux1_i686.whl", hash = "sha256:289e9ca1a9287f08daaf796d96e06cb2bc2958891d7911ac7cae1c5f9e1e0ee3"},
    {file = "lxml-4.6.3-cp36-cp36m-manylinux1_x86_64.whl", hash = "sha256:bccbfc27563652de7dc9bdc595cb25e90b59c5f8e23e806ed0fd623755b6565d"},
    {file = "lxml-4.6.3-cp36-cp36m-manylinux2010_i686.whl", hash = "sha256:d916d31fd85b2f78c76400d625076d9124de3e4bda8b016d25a050cc7d603f24"},
    {file = "lxml-4.6.3-cp36-cp36m-manylinux2014_aarch64.whl", hash = "sha256:820628b7b3135403540202e60551e741f9b6d3304371712521be939470b454ec"},
    {file = "lxml-4.6.3-cp36-cp36m-manylinux2014_x86_64.whl", hash = "sha256:c47ff7e0a36d4efac9fd692cfa33fbd0636674c102e9e8d9b26e1b93a94e7617"},
    {file = "lxml-4.6.3-cp36-cp36m-win32.whl", hash = "sha256:5a0a14e264069c03e46f926be0d8919f4105c1623d620e7ec0e612a2e9bf1c04"},
    {file = "lxml-4.6.3-cp36-cp36m-win_amd64.whl", hash = "sha256:92e821e43ad382332eade6812e298dc9701c75fe289f2a2d39c7960b43d1e92a"},
    {file = "lxml-4.6.3-cp37-cp37m-macosx_10_9_x86_64.whl", hash = "sha256:efd7a09678fd8b53117f6bae4fa3825e0a22b03ef0a932e070c0bdbb3a35e654"},
    {file = "lxml-4.6.3-cp37-cp37m-manylinux1_i686.whl", hash = "sha256:efac139c3f0bf4f0939f9375af4b02c5ad83a622de52d6dfa8e438e8e01d0eb0"},
    {file = "lxml-4.6.3-cp37-cp37m-manylinux1_x86_64.whl", hash = "sha256:0fbcf5565ac01dff87cbfc0ff323515c823081c5777a9fc7703ff58388c258c3"},
    {file = "lxml-4.6.3-cp37-cp37m-manylinux2010_i686.whl", hash = "sha256:36108c73739985979bf302006527cf8a20515ce444ba916281d1c43938b8bb96"},
    {file = "lxml-4.6.3-cp37-cp37m-manylinux2014_aarch64.whl", hash = "sha256:122fba10466c7bd4178b07dba427aa516286b846b2cbd6f6169141917283aae2"},
    {file = "lxml-4.6.3-cp37-cp37m-manylinux2014_x86_64.whl", hash = "sha256:cdaf11d2bd275bf391b5308f86731e5194a21af45fbaaaf1d9e8147b9160ea92"},
    {file = "lxml-4.6.3-cp37-cp37m-win32.whl", hash = "sha256:3439c71103ef0e904ea0a1901611863e51f50b5cd5e8654a151740fde5e1cade"},
    {file = "lxml-4.6.3-cp37-cp37m-win_amd64.whl", hash = "sha256:4289728b5e2000a4ad4ab8da6e1db2e093c63c08bdc0414799ee776a3f78da4b"},
    {file = "lxml-4.6.3-cp38-cp38-macosx_10_9_x86_64.whl", hash = "sha256:b007cbb845b28db4fb8b6a5cdcbf65bacb16a8bd328b53cbc0698688a68e1caa"},
    {file = "lxml-4.6.3-cp38-cp38-manylinux1_i686.whl", hash = "sha256:76fa7b1362d19f8fbd3e75fe2fb7c79359b0af8747e6f7141c338f0bee2f871a"},
    {file = "lxml-4.6.3-cp38-cp38-manylinux1_x86_64.whl", hash = "sha256:26e761ab5b07adf5f555ee82fb4bfc35bf93750499c6c7614bd64d12aaa67927"},
    {file = "lxml-4.6.3-cp38-cp38-manylinux2010_i686.whl", hash = "sha256:e1cbd3f19a61e27e011e02f9600837b921ac661f0c40560eefb366e4e4fb275e"},
    {file = "lxml-4.6.3-cp38-cp38-manylinux2014_aarch64.whl", hash = "sha256:66e575c62792c3f9ca47cb8b6fab9e35bab91360c783d1606f758761810c9791"},
    {file = "lxml-4.6.3-cp38-cp38-manylinux2014_x86_64.whl", hash = "sha256:1b38116b6e628118dea5b2186ee6820ab138dbb1e24a13e478490c7db2f326ae"},
    {file = "lxml-4.6.3-cp38-cp38-win32.whl", hash = "sha256:89b8b22a5ff72d89d48d0e62abb14340d9e99fd637d046c27b8b257a01ffbe28"},
    {file = "lxml-4.6.3-cp38-cp38-win_amd64.whl", hash = "sha256:2a9d50e69aac3ebee695424f7dbd7b8c6d6eb7de2a2eb6b0f6c7db6aa41e02b7"},
    {file = "lxml-4.6.3-cp39-cp39-macosx_10_9_x86_64.whl", hash = "sha256:ce256aaa50f6cc9a649c51be3cd4ff142d67295bfc4f490c9134d0f9f6d58ef0"},
    {file = "lxml-4.6.3-cp39-cp39-manylinux1_i686.whl", hash = "sha256:7610b8c31688f0b1be0ef882889817939490a36d0ee880ea562a4e1399c447a1"},
    {file = "lxml-4.6.3-cp39-cp39-manylinux1_x86_64.whl", hash = "sha256:f8380c03e45cf09f8557bdaa41e1fa7c81f3ae22828e1db470ab2a6c96d8bc23"},
    {file = "lxml-4.6.3-cp39-cp39-manylinux2010_i686.whl", hash = "sha256:3082c518be8e97324390614dacd041bb1358c882d77108ca1957ba47738d9d59"},
    {file = "lxml-4.6.3-cp39-cp39-manylinux2014_aarch64.whl", hash = "sha256:884ab9b29feaca361f7f88d811b1eea9bfca36cf3da27768d28ad45c3ee6f969"},
    {file = "lxml-4.6.3-cp39-cp39-manylinux2014_x86_64.whl", hash = "sha256:6f12e1427285008fd32a6025e38e977d44d6382cf28e7201ed10d6c1698d2a9a"},
    {file = "lxml-4.6.3-cp39-cp39-win32.whl", hash = "sha256:33bb934a044cf32157c12bfcfbb6649807da20aa92c062ef51903415c704704f"},
    {file = "lxml-4.6.3-cp39-cp39-win_amd64.whl", hash = "sha256:542d454665a3e277f76954418124d67516c5f88e51a900365ed54a9806122b83"},
    {file = "lxml-4.6.3.tar.gz", hash = "sha256:39b78571b3b30645ac77b95f7c69d1bffc4cf8c3b157c435a34da72e78c82468"},
]
oauthlib = [
    {file = "oauthlib-3.1.1-py2.py3-none-any.whl", hash = "sha256:42bf6354c2ed8c6acb54d971fce6f88193d97297e18602a3a886603f9d7730cc"},
    {file = "oauthlib-3.1.1.tar.gz", hash = "sha256:8f0215fcc533dd8dd1bee6f4c412d4f0cd7297307d43ac61666389e3bc3198a3"},
]
paho-mqtt = [
    {file = "paho-mqtt-1.6.1.tar.gz", hash = "sha256:2a8291c81623aec00372b5a85558a372c747cbca8e9934dfe218638b8eefc26f"},
]
protobuf = [
    {file = "protobuf-3.19.1-cp310-cp310-macosx_10_9_universal2.whl", hash = "sha256:d80f80eb175bf5f1169139c2e0c5ada98b1c098e2b3c3736667f28cbbea39fc8"},
    {file = "protobuf-3.19.1-cp310-cp310-manylinux2014_aarch64.whl", hash = "sha256:a529e7df52204565bcd33738a7a5f288f3d2d37d86caa5d78c458fa5fabbd54d"},
    {file = "protobuf-3.19.1-cp310-cp310-manylinux_2_17_x86_64.manylinux2014_x86_64.whl", hash = "sha256:28ccea56d4dc38d35cd70c43c2da2f40ac0be0a355ef882242e8586c6d66666f"},
    {file = "protobuf-3.19.1-cp36-cp36m-macosx_10_9_x86_64.whl", hash = "sha256:8b30a7de128c46b5ecb343917d9fa737612a6e8280f440874e5cc2ba0d79b8f6"},
    {file = "protobuf-3.19.1-cp36-cp36m-manylinux_2_17_x86_64.manylinux2014_x86_64.whl", hash = "sha256:5935c8ce02e3d89c7900140a8a42b35bc037ec07a6aeb61cc108be8d3c9438a6"},
    {file = "protobuf-3.19.1-cp36-cp36m-win32.whl", hash = "sha256:74f33edeb4f3b7ed13d567881da8e5a92a72b36495d57d696c2ea1ae0cfee80c"},
    {file = "protobuf-3.19.1-cp36-cp36m-win_amd64.whl", hash = "sha256:038daf4fa38a7e818dd61f51f22588d61755160a98db087a046f80d66b855942"},
    {file = "protobuf-3.19.1-cp37-cp37m-macosx_10_9_x86_64.whl", hash = "sha256:8e51561d72efd5bd5c91490af1f13e32bcba8dab4643761eb7de3ce18e64a853"},
    {file = "protobuf-3.19.1-cp37-cp37m-manylinux2014_aarch64.whl", hash = "sha256:6e8ea9173403219239cdfd8d946ed101f2ab6ecc025b0fda0c6c713c35c9981d"},
    {file = "protobuf-3.19.1-cp37-cp37m-manylinux_2_17_x86_64.manylinux2014_x86_64.whl", hash = "sha256:db3532d9f7a6ebbe2392041350437953b6d7a792de10e629c1e4f5a6b1fe1ac6"},
    {file = "protobuf-3.19.1-cp37-cp37m-win32.whl", hash = "sha256:615b426a177780ce381ecd212edc1e0f70db8557ed72560b82096bd36b01bc04"},
    {file = "protobuf-3.19.1-cp37-cp37m-win_amd64.whl", hash = "sha256:d8919368410110633717c406ab5c97e8df5ce93020cfcf3012834f28b1fab1ea"},
    {file = "protobuf-3.19.1-cp38-cp38-macosx_10_9_x86_64.whl", hash = "sha256:71b0250b0cfb738442d60cab68abc166de43411f2a4f791d31378590bfb71bd7"},
    {file = "protobuf-3.19.1-cp38-cp38-manylinux2014_aarch64.whl", hash = "sha256:3cd0458870ea7d1c58e948ac8078f6ba8a7ecc44a57e03032ed066c5bb318089"},
    {file = "protobuf-3.19.1-cp38-cp38-manylinux_2_17_x86_64.manylinux2014_x86_64.whl", hash = "sha256:655264ed0d0efe47a523e2255fc1106a22f6faab7cc46cfe99b5bae085c2a13e"},
    {file = "protobuf-3.19.1-cp38-cp38-win32.whl", hash = "sha256:b691d996c6d0984947c4cf8b7ae2fe372d99b32821d0584f0b90277aa36982d3"},
    {file = "protobuf-3.19.1-cp38-cp38-win_amd64.whl", hash = "sha256:e7e8d2c20921f8da0dea277dfefc6abac05903ceac8e72839b2da519db69206b"},
    {file = "protobuf-3.19.1-cp39-cp39-macosx_10_9_x86_64.whl", hash = "sha256:fd390367fc211cc0ffcf3a9e149dfeca78fecc62adb911371db0cec5c8b7472d"},
    {file = "protobuf-3.19.1-cp39-cp39-manylinux2014_aarch64.whl", hash = "sha256:d83e1ef8cb74009bebee3e61cc84b1c9cd04935b72bca0cbc83217d140424995"},
    {file = "protobuf-3.19.1-cp39-cp39-manylinux_2_17_x86_64.manylinux2014_x86_64.whl", hash = "sha256:36d90676d6f426718463fe382ec6274909337ca6319d375eebd2044e6c6ac560"},
    {file = "protobuf-3.19.1-cp39-cp39-win32.whl", hash = "sha256:e7b24c11df36ee8e0c085e5b0dc560289e4b58804746fb487287dda51410f1e2"},
    {file = "protobuf-3.19.1-cp39-cp39-win_amd64.whl", hash = "sha256:77d2fadcf369b3f22859ab25bd12bb8e98fb11e05d9ff9b7cd45b711c719c002"},
    {file = "protobuf-3.19.1-py2.py3-none-any.whl", hash = "sha256:e813b1c9006b6399308e917ac5d298f345d95bb31f46f02b60cd92970a9afa17"},
    {file = "protobuf-3.19.1.tar.gz", hash = "sha256:62a8e4baa9cb9e064eb62d1002eca820857ab2138440cb4b3ea4243830f94ca7"},
]
pyasn1 = [
    {file = "pyasn1-0.4.8-py2.py3-none-any.whl", hash = "sha256:39c7e2ec30515947ff4e87fb6f456dfc6e84857d34be479c9d4a4ba4bf46aa5d"},
    {file = "pyasn1-0.4.8.tar.gz", hash = "sha256:aef77c9fb94a3ac588e87841208bdec464471d9871bd5050a287cc9a475cd0ba"},
]
pyasn1-modules = [
    {file = "pyasn1-modules-0.2.8.tar.gz", hash = "sha256:905f84c712230b2c592c19470d3ca8d552de726050d1d1716282a1f6146be65e"},
    {file = "pyasn1_modules-0.2.8-py2.py3-none-any.whl", hash = "sha256:a50b808ffeb97cb3601dd25981f6b016cbb3d31fbf57a8b8a87428e6158d0c74"},
]
pyparsing = [
    {file = "pyparsing-2.4.7-py2.py3-none-any.whl", hash = "sha256:ef9d7589ef3c200abe66653d3f1ab1033c3c419ae9b9bdb1240a85b024efc88b"},
    {file = "pyparsing-2.4.7.tar.gz", hash = "sha256:c203ec8783bf771a155b207279b9bccb8dea02d8f0c9e5f8ead507bc3246ecc1"},
]
python-dotenv = [
    {file = "python-dotenv-0.19.1.tar.gz", hash = "sha256:14f8185cc8d494662683e6914addcb7e95374771e707601dfc70166946b4c4b8"},
    {file = "python_dotenv-0.19.1-py2.py3-none-any.whl", hash = "sha256:bbd3da593fc49c249397cbfbcc449cf36cb02e75afc8157fcc6a81df6fb7750a"},
]
requests = [
    {file = "requests-2.26.0-py2.py3-none-any.whl", hash = "sha256:6c1246513ecd5ecd4528a0906f910e8f0f9c6b8ec72030dc9fd154dc1a6efd24"},
    {file = "requests-2.26.0.tar.gz", hash = "sha256:b8aa58f8cf793ffd8782d3d8cb19e66ef36f7aba4353eec859e74678b01b07a7"},
]
requests-oauthlib = [
    {file = "requests-oauthlib-1.3.0.tar.gz", hash = "sha256:b4261601a71fd721a8bd6d7aa1cc1d6a8a93b4a9f5e96626f8e4d91e8beeaa6a"},
    {file = "requests_oauthlib-1.3.0-py2.py3-none-any.whl", hash = "sha256:7f71572defaecd16372f9006f33c2ec8c077c3cfa6f5911a9a90202beb513f3d"},
]
rsa = [
    {file = "rsa-4.7.2-py3-none-any.whl", hash = "sha256:78f9a9bf4e7be0c5ded4583326e7461e3a3c5aae24073648b4bdfa797d78c9d2"},
    {file = "rsa-4.7.2.tar.gz", hash = "sha256:9d689e6ca1b3038bc82bf8d23e944b6b6037bc02301a574935b2dd946e0353b9"},
]
six = [
    {file = "six-1.16.0-py2.py3-none-any.whl", hash = "sha256:8abb2f1d86890a2dfb989f9a77cfcfd3e47c2a354b01111771326f8aa26e0254"},
    {file = "six-1.16.0.tar.gz", hash = "sha256:1e61c37477a1626458e36f7b1d82aa5c9b094fa4802892072e49de9c60c4c926"},
]
soupsieve = [
    {file = "soupsieve-2.2.1-py3-none-any.whl", hash = "sha256:c2c1c2d44f158cdbddab7824a9af8c4f83c76b1e23e049479aa432feb6c4c23b"},
    {file = "soupsieve-2.2.1.tar.gz", hash = "sha256:052774848f448cf19c7e959adf5566904d525f33a3f8b6ba6f6f8f26ec7de0cc"},
]
uritemplate = [
    {file = "uritemplate-4.1.1-py2.py3-none-any.whl", hash = "sha256:830c08b8d99bdd312ea4ead05994a38e8936266f84b9a7878232db50b044e02e"},
    {file = "uritemplate-4.1.1.tar.gz", hash = "sha256:4346edfc5c3b79f694bccd6d6099a322bbeb628dbf2cd86eea55a456ce5124f0"},
]
urllib3 = [
    {file = "urllib3-1.26.7-py2.py3-none-any.whl", hash = "sha256:c4fdf4019605b6e5423637e01bc9fe4daef873709a7973e195ceba0a62bbc844"},
    {file = "urllib3-1.26.7.tar.gz", hash = "sha256:4987c65554f7a2dbf30c18fd48778ef124af6fab771a377103da0585e2336ece"},
]
